
Microsoft Visual Studio Solution File, Format Version 12.00
# Visual Studio Version 17
VisualStudioVersion = 17.7.34302.85
MinimumVisualStudioVersion = 10.0.40219.1
Project("{FAE04EC0-301F-11D3-BF4B-00C04F79EFBC}") = "ShopOnline.Web", "ShopOnline.Web\ShopOnline.Web.csproj", "{93D0BEF1-8141-4484-9370-B8099EF5E6E9}"
EndProject
Project("{FAE04EC0-301F-11D3-BF4B-00C04F79EFBC}") = "ShopOnline.Api", "ShopOnline.Api\ShopOnline.Api.csproj", "{1FF10AA4-202B-4C38-9D72-EEB37D1F72F1}"
EndProject
Global
	GlobalSection(SolutionConfigurationPlatforms) = preSolution
		Debug|Any CPU = Debug|Any CPU
		Release|Any CPU = Release|Any CPU
	EndGlobalSection
	GlobalSection(ProjectConfigurationPlatforms) = postSolution
		{93D0BEF1-8141-4484-9370-B8099EF5E6E9}.Debug|Any CPU.ActiveCfg = Debug|Any CPU
		{93D0BEF1-8141-4484-9370-B8099EF5E6E9}.Debug|Any CPU.Build.0 = Debug|Any CPU
		{93D0BEF1-8141-4484-9370-B8099EF5E6E9}.Release|Any CPU.ActiveCfg = Release|Any CPU
		{93D0BEF1-8141-4484-9370-B8099EF5E6E9}.Release|Any CPU.Build.0 = Release|Any CPU
		{1FF10AA4-202B-4C38-9D72-EEB37D1F72F1}.Debug|Any CPU.ActiveCfg = Debug|Any CPU
		{1FF10AA4-202B-4C38-9D72-EEB37D1F72F1}.Debug|Any CPU.Build.0 = Debug|Any CPU
		{1FF10AA4-202B-4C38-9D72-EEB37D1F72F1}.Release|Any CPU.ActiveCfg = Release|Any CPU
		{1FF10AA4-202B-4C38-9D72-EEB37D1F72F1}.Release|Any CPU.Build.0 = Release|Any CPU
	EndGlobalSection
	GlobalSection(SolutionProperties) = preSolution
		HideSolutionNode = FALSE
	EndGlobalSection
	GlobalSection(ExtensibilityGlobals) = postSolution
		SolutionGuid = {AA12960C-B0BB-4FF9-BA16-34265F46CBB6}
	EndGlobalSection
EndGlobal
